// !$*UTF8*$!
{
	archiveVersion = 1;
	classes = {
	};
	objectVersion = 56;
	objects = {

/* Begin PBXBuildFile section */
		645BA07E2A737BB6001CCD46 /* FeatureVIew.swift in Sources */ = {isa = PBXBuildFile; fileRef = 645BA07D2A737BB6001CCD46 /* FeatureVIew.swift */; };
		645BA0802A737D13001CCD46 /* ListView.swift in Sources */ = {isa = PBXBuildFile; fileRef = 645BA07F2A737D13001CCD46 /* ListView.swift */; };
		645BA0872A7381C5001CCD46 /* SearchBarViewStyle.swift in Sources */ = {isa = PBXBuildFile; fileRef = 645BA0862A7381C5001CCD46 /* SearchBarViewStyle.swift */; };
		990690222A74E1C300EBD380 /* Location.swift in Sources */ = {isa = PBXBuildFile; fileRef = 990690212A74E1C300EBD380 /* Location.swift */; };
		990690252A74E8ED00EBD380 /* MapPinView.swift in Sources */ = {isa = PBXBuildFile; fileRef = 990690242A74E8ED00EBD380 /* MapPinView.swift */; };
		990690272A74F0EE00EBD380 /* ToggleButtonStyle.swift in Sources */ = {isa = PBXBuildFile; fileRef = 990690262A74F0EE00EBD380 /* ToggleButtonStyle.swift */; };
		990690292A74FCA400EBD380 /* SwitchButtonView.swift in Sources */ = {isa = PBXBuildFile; fileRef = 990690282A74FCA400EBD380 /* SwitchButtonView.swift */; };
		9906902B2A75134D00EBD380 /* FrontPageView.swift in Sources */ = {isa = PBXBuildFile; fileRef = 9906902A2A75134D00EBD380 /* FrontPageView.swift */; };
		9906902D2A75600F00EBD380 /* AuthorInfoView.swift in Sources */ = {isa = PBXBuildFile; fileRef = 9906902C2A75600F00EBD380 /* AuthorInfoView.swift */; };
		9906902F2A75790000EBD380 /* RestaurantStore.swift in Sources */ = {isa = PBXBuildFile; fileRef = 9906902E2A75790000EBD380 /* RestaurantStore.swift */; };
		992A70302A777DD400E53A46 /* WelcomePageView.swift in Sources */ = {isa = PBXBuildFile; fileRef = 992A702F2A777DD400E53A46 /* WelcomePageView.swift */; };
		995F6E9A2A72493D0039C69A /* POVView.swift in Sources */ = {isa = PBXBuildFile; fileRef = 995F6E992A72493D0039C69A /* POVView.swift */; };
		995F6E9C2A724A410039C69A /* ServiceView.swift in Sources */ = {isa = PBXBuildFile; fileRef = 995F6E9B2A724A410039C69A /* ServiceView.swift */; };
		995F6E9E2A724AD60039C69A /* ContactInformation.swift in Sources */ = {isa = PBXBuildFile; fileRef = 995F6E9D2A724AD60039C69A /* ContactInformation.swift */; };
		995F6EA02A72CF480039C69A /* OpeningHours.swift in Sources */ = {isa = PBXBuildFile; fileRef = 995F6E9F2A72CF480039C69A /* OpeningHours.swift */; };
		995F6EA22A72D2F40039C69A /* MappingView.swift in Sources */ = {isa = PBXBuildFile; fileRef = 995F6EA12A72D2F40039C69A /* MappingView.swift */; };
		995F6EA42A72D3F90039C69A /* ImageSliderView.swift in Sources */ = {isa = PBXBuildFile; fileRef = 995F6EA32A72D3F90039C69A /* ImageSliderView.swift */; };
		995F6EAC2A7407870039C69A /* NavigationItemView.swift in Sources */ = {isa = PBXBuildFile; fileRef = 995F6EAB2A7407870039C69A /* NavigationItemView.swift */; };
		995F6EAE2A74119D0039C69A /* FilterView.swift in Sources */ = {isa = PBXBuildFile; fileRef = 995F6EAD2A74119D0039C69A /* FilterView.swift */; };
		997B170A2A6FE362004BF625 /* Theme.swift in Sources */ = {isa = PBXBuildFile; fileRef = 997B17092A6FE362004BF625 /* Theme.swift */; };
		997B170C2A6FFF31004BF625 /* MainView.swift in Sources */ = {isa = PBXBuildFile; fileRef = 997B170B2A6FFF31004BF625 /* MainView.swift */; };
		99E44F0F2A6E5B8C00CD0DF7 /* A1App.swift in Sources */ = {isa = PBXBuildFile; fileRef = 99E44F0E2A6E5B8C00CD0DF7 /* A1App.swift */; };
		99E44F132A6E5B8E00CD0DF7 /* Assets.xcassets in Resources */ = {isa = PBXBuildFile; fileRef = 99E44F122A6E5B8E00CD0DF7 /* Assets.xcassets */; };
		99E44F162A6E5B8E00CD0DF7 /* Preview Assets.xcassets in Resources */ = {isa = PBXBuildFile; fileRef = 99E44F152A6E5B8E00CD0DF7 /* Preview Assets.xcassets */; };
		99E44F202A6E5B8F00CD0DF7 /* A1Tests.swift in Sources */ = {isa = PBXBuildFile; fileRef = 99E44F1F2A6E5B8F00CD0DF7 /* A1Tests.swift */; };
		99E44F2A2A6E5B8F00CD0DF7 /* A1UITests.swift in Sources */ = {isa = PBXBuildFile; fileRef = 99E44F292A6E5B8F00CD0DF7 /* A1UITests.swift */; };
		99E44F2C2A6E5B8F00CD0DF7 /* A1UITestsLaunchTests.swift in Sources */ = {isa = PBXBuildFile; fileRef = 99E44F2B2A6E5B8F00CD0DF7 /* A1UITestsLaunchTests.swift */; };
		99E44F3B2A6E751800CD0DF7 /* ItemView.swift in Sources */ = {isa = PBXBuildFile; fileRef = 99E44F3A2A6E751800CD0DF7 /* ItemView.swift */; };
		99E44F3D2A6E76CF00CD0DF7 /* ItemRowView.swift in Sources */ = {isa = PBXBuildFile; fileRef = 99E44F3C2A6E76CF00CD0DF7 /* ItemRowView.swift */; };
		99E44F3F2A6E79DC00CD0DF7 /* Restaurant.swift in Sources */ = {isa = PBXBuildFile; fileRef = 99E44F3E2A6E79DC00CD0DF7 /* Restaurant.swift */; };
		99E44F412A6ED2DF00CD0DF7 /* DetailView.swift in Sources */ = {isa = PBXBuildFile; fileRef = 99E44F402A6ED2DF00CD0DF7 /* DetailView.swift */; };
		99E44F452A6EE18A00CD0DF7 /* data.json in Resources */ = {isa = PBXBuildFile; fileRef = 99E44F442A6EE18A00CD0DF7 /* data.json */; };
/* End PBXBuildFile section */

/* Begin PBXContainerItemProxy section */
		99E44F1C2A6E5B8F00CD0DF7 /* PBXContainerItemProxy */ = {
			isa = PBXContainerItemProxy;
			containerPortal = 99E44F032A6E5B8C00CD0DF7 /* Project object */;
			proxyType = 1;
			remoteGlobalIDString = 99E44F0A2A6E5B8C00CD0DF7;
			remoteInfo = A1;
		};
		99E44F262A6E5B8F00CD0DF7 /* PBXContainerItemProxy */ = {
			isa = PBXContainerItemProxy;
			containerPortal = 99E44F032A6E5B8C00CD0DF7 /* Project object */;
			proxyType = 1;
			remoteGlobalIDString = 99E44F0A2A6E5B8C00CD0DF7;
			remoteInfo = A1;
		};
/* End PBXContainerItemProxy section */

/* Begin PBXFileReference section */
		645BA07D2A737BB6001CCD46 /* FeatureVIew.swift */ = {isa = PBXFileReference; lastKnownFileType = sourcecode.swift; path = FeatureVIew.swift; sourceTree = "<group>"; };
		645BA07F2A737D13001CCD46 /* ListView.swift */ = {isa = PBXFileReference; lastKnownFileType = sourcecode.swift; path = ListView.swift; sourceTree = "<group>"; };
		645BA0862A7381C5001CCD46 /* SearchBarViewStyle.swift */ = {isa = PBXFileReference; lastKnownFileType = sourcecode.swift; path = SearchBarViewStyle.swift; sourceTree = "<group>"; };
		990690212A74E1C300EBD380 /* Location.swift */ = {isa = PBXFileReference; lastKnownFileType = sourcecode.swift; path = Location.swift; sourceTree = "<group>"; };
		990690242A74E8ED00EBD380 /* MapPinView.swift */ = {isa = PBXFileReference; lastKnownFileType = sourcecode.swift; path = MapPinView.swift; sourceTree = "<group>"; };
		990690262A74F0EE00EBD380 /* ToggleButtonStyle.swift */ = {isa = PBXFileReference; lastKnownFileType = sourcecode.swift; path = ToggleButtonStyle.swift; sourceTree = "<group>"; };
		990690282A74FCA400EBD380 /* SwitchButtonView.swift */ = {isa = PBXFileReference; lastKnownFileType = sourcecode.swift; path = SwitchButtonView.swift; sourceTree = "<group>"; };
		9906902A2A75134D00EBD380 /* FrontPageView.swift */ = {isa = PBXFileReference; lastKnownFileType = sourcecode.swift; path = FrontPageView.swift; sourceTree = "<group>"; };
		9906902C2A75600F00EBD380 /* AuthorInfoView.swift */ = {isa = PBXFileReference; lastKnownFileType = sourcecode.swift; path = AuthorInfoView.swift; sourceTree = "<group>"; };
		9906902E2A75790000EBD380 /* RestaurantStore.swift */ = {isa = PBXFileReference; lastKnownFileType = sourcecode.swift; path = RestaurantStore.swift; sourceTree = "<group>"; };
		992A702F2A777DD400E53A46 /* WelcomePageView.swift */ = {isa = PBXFileReference; lastKnownFileType = sourcecode.swift; path = WelcomePageView.swift; sourceTree = "<group>"; };
		995F6E992A72493D0039C69A /* POVView.swift */ = {isa = PBXFileReference; lastKnownFileType = sourcecode.swift; path = POVView.swift; sourceTree = "<group>"; };
		995F6E9B2A724A410039C69A /* ServiceView.swift */ = {isa = PBXFileReference; lastKnownFileType = sourcecode.swift; path = ServiceView.swift; sourceTree = "<group>"; };
		995F6E9D2A724AD60039C69A /* ContactInformation.swift */ = {isa = PBXFileReference; lastKnownFileType = sourcecode.swift; path = ContactInformation.swift; sourceTree = "<group>"; };
		995F6E9F2A72CF480039C69A /* OpeningHours.swift */ = {isa = PBXFileReference; lastKnownFileType = sourcecode.swift; path = OpeningHours.swift; sourceTree = "<group>"; };
		995F6EA12A72D2F40039C69A /* MappingView.swift */ = {isa = PBXFileReference; lastKnownFileType = sourcecode.swift; path = MappingView.swift; sourceTree = "<group>"; };
		995F6EA32A72D3F90039C69A /* ImageSliderView.swift */ = {isa = PBXFileReference; lastKnownFileType = sourcecode.swift; path = ImageSliderView.swift; sourceTree = "<group>"; };
		995F6EAB2A7407870039C69A /* NavigationItemView.swift */ = {isa = PBXFileReference; lastKnownFileType = sourcecode.swift; path = NavigationItemView.swift; sourceTree = "<group>"; };
		995F6EAD2A74119D0039C69A /* FilterView.swift */ = {isa = PBXFileReference; lastKnownFileType = sourcecode.swift; path = FilterView.swift; sourceTree = "<group>"; };
		997B17092A6FE362004BF625 /* Theme.swift */ = {isa = PBXFileReference; lastKnownFileType = sourcecode.swift; path = Theme.swift; sourceTree = "<group>"; };
		997B170B2A6FFF31004BF625 /* MainView.swift */ = {isa = PBXFileReference; lastKnownFileType = sourcecode.swift; path = MainView.swift; sourceTree = "<group>"; };
		99E44F0B2A6E5B8C00CD0DF7 /* A1.app */ = {isa = PBXFileReference; explicitFileType = wrapper.application; includeInIndex = 0; path = A1.app; sourceTree = BUILT_PRODUCTS_DIR; };
		99E44F0E2A6E5B8C00CD0DF7 /* A1App.swift */ = {isa = PBXFileReference; lastKnownFileType = sourcecode.swift; path = A1App.swift; sourceTree = "<group>"; };
		99E44F122A6E5B8E00CD0DF7 /* Assets.xcassets */ = {isa = PBXFileReference; lastKnownFileType = folder.assetcatalog; path = Assets.xcassets; sourceTree = "<group>"; };
		99E44F152A6E5B8E00CD0DF7 /* Preview Assets.xcassets */ = {isa = PBXFileReference; lastKnownFileType = folder.assetcatalog; path = "Preview Assets.xcassets"; sourceTree = "<group>"; };
		99E44F1B2A6E5B8F00CD0DF7 /* A1Tests.xctest */ = {isa = PBXFileReference; explicitFileType = wrapper.cfbundle; includeInIndex = 0; path = A1Tests.xctest; sourceTree = BUILT_PRODUCTS_DIR; };
		99E44F1F2A6E5B8F00CD0DF7 /* A1Tests.swift */ = {isa = PBXFileReference; lastKnownFileType = sourcecode.swift; path = A1Tests.swift; sourceTree = "<group>"; };
		99E44F252A6E5B8F00CD0DF7 /* A1UITests.xctest */ = {isa = PBXFileReference; explicitFileType = wrapper.cfbundle; includeInIndex = 0; path = A1UITests.xctest; sourceTree = BUILT_PRODUCTS_DIR; };
		99E44F292A6E5B8F00CD0DF7 /* A1UITests.swift */ = {isa = PBXFileReference; lastKnownFileType = sourcecode.swift; path = A1UITests.swift; sourceTree = "<group>"; };
		99E44F2B2A6E5B8F00CD0DF7 /* A1UITestsLaunchTests.swift */ = {isa = PBXFileReference; lastKnownFileType = sourcecode.swift; path = A1UITestsLaunchTests.swift; sourceTree = "<group>"; };
		99E44F3A2A6E751800CD0DF7 /* ItemView.swift */ = {isa = PBXFileReference; lastKnownFileType = sourcecode.swift; path = ItemView.swift; sourceTree = "<group>"; };
		99E44F3C2A6E76CF00CD0DF7 /* ItemRowView.swift */ = {isa = PBXFileReference; lastKnownFileType = sourcecode.swift; path = ItemRowView.swift; sourceTree = "<group>"; };
		99E44F3E2A6E79DC00CD0DF7 /* Restaurant.swift */ = {isa = PBXFileReference; lastKnownFileType = sourcecode.swift; path = Restaurant.swift; sourceTree = "<group>"; };
		99E44F402A6ED2DF00CD0DF7 /* DetailView.swift */ = {isa = PBXFileReference; lastKnownFileType = sourcecode.swift; path = DetailView.swift; sourceTree = "<group>"; };
		99E44F442A6EE18A00CD0DF7 /* data.json */ = {isa = PBXFileReference; fileEncoding = 4; lastKnownFileType = text.json; path = data.json; sourceTree = "<group>"; };
/* End PBXFileReference section */

/* Begin PBXFrameworksBuildPhase section */
		99E44F082A6E5B8C00CD0DF7 /* Frameworks */ = {
			isa = PBXFrameworksBuildPhase;
			buildActionMask = 2147483647;
			files = (
			);
			runOnlyForDeploymentPostprocessing = 0;
		};
		99E44F182A6E5B8F00CD0DF7 /* Frameworks */ = {
			isa = PBXFrameworksBuildPhase;
			buildActionMask = 2147483647;
			files = (
			);
			runOnlyForDeploymentPostprocessing = 0;
		};
		99E44F222A6E5B8F00CD0DF7 /* Frameworks */ = {
			isa = PBXFrameworksBuildPhase;
			buildActionMask = 2147483647;
			files = (
			);
			runOnlyForDeploymentPostprocessing = 0;
		};
/* End PBXFrameworksBuildPhase section */

/* Begin PBXGroup section */
		645BA0822A738089001CCD46 /* ListViewPage */ = {
			isa = PBXGroup;
			children = (
				645BA07F2A737D13001CCD46 /* ListView.swift */,
				995F6EAB2A7407870039C69A /* NavigationItemView.swift */,
				995F6EAD2A74119D0039C69A /* FilterView.swift */,
			);
			path = ListViewPage;
			sourceTree = "<group>";
		};
		645BA0832A7380F1001CCD46 /* ItemView */ = {
			isa = PBXGroup;
			children = (
				99E44F3A2A6E751800CD0DF7 /* ItemView.swift */,
				99E44F3C2A6E76CF00CD0DF7 /* ItemRowView.swift */,
			);
			path = ItemView;
			sourceTree = "<group>";
		};
		990690232A74E8A000EBD380 /* MapView */ = {
			isa = PBXGroup;
			children = (
				995F6EA12A72D2F40039C69A /* MappingView.swift */,
				990690242A74E8ED00EBD380 /* MapPinView.swift */,
			);
			path = MapView;
			sourceTree = "<group>";
		};
		9926E7C22A7024E300C3EAEC /* MainPage */ = {
			isa = PBXGroup;
			children = (
				9906902A2A75134D00EBD380 /* FrontPageView.swift */,
				997B170B2A6FFF31004BF625 /* MainView.swift */,
				992A702F2A777DD400E53A46 /* WelcomePageView.swift */,
				645BA07D2A737BB6001CCD46 /* FeatureVIew.swift */,
				990690282A74FCA400EBD380 /* SwitchButtonView.swift */,
				9906902C2A75600F00EBD380 /* AuthorInfoView.swift */,
			);
			path = MainPage;
			sourceTree = "<group>";
		};
		9926E7C42A70254300C3EAEC /* DetailViewPage */ = {
			isa = PBXGroup;
			children = (
				99E44F402A6ED2DF00CD0DF7 /* DetailView.swift */,
				995F6EA32A72D3F90039C69A /* ImageSliderView.swift */,
				995F6E992A72493D0039C69A /* POVView.swift */,
				995F6E9B2A724A410039C69A /* ServiceView.swift */,
				995F6E9D2A724AD60039C69A /* ContactInformation.swift */,
				995F6E9F2A72CF480039C69A /* OpeningHours.swift */,
				990690232A74E8A000EBD380 /* MapView */,
			);
			path = DetailViewPage;
			sourceTree = "<group>";
		};
		99E44F022A6E5B8C00CD0DF7 = {
			isa = PBXGroup;
			children = (
				99E44F0D2A6E5B8C00CD0DF7 /* A1 */,
				99E44F1E2A6E5B8F00CD0DF7 /* A1Tests */,
				99E44F282A6E5B8F00CD0DF7 /* A1UITests */,
				99E44F0C2A6E5B8C00CD0DF7 /* Products */,
			);
			sourceTree = "<group>";
		};
		99E44F0C2A6E5B8C00CD0DF7 /* Products */ = {
			isa = PBXGroup;
			children = (
				99E44F0B2A6E5B8C00CD0DF7 /* A1.app */,
				99E44F1B2A6E5B8F00CD0DF7 /* A1Tests.xctest */,
				99E44F252A6E5B8F00CD0DF7 /* A1UITests.xctest */,
			);
			name = Products;
			sourceTree = "<group>";
		};
		99E44F0D2A6E5B8C00CD0DF7 /* A1 */ = {
			isa = PBXGroup;
			children = (
				99E44F442A6EE18A00CD0DF7 /* data.json */,
				99E44F392A6E6A9400CD0DF7 /* Models */,
				99E44F382A6E6A8C00CD0DF7 /* Views */,
				99E44F0E2A6E5B8C00CD0DF7 /* A1App.swift */,
				99E44F122A6E5B8E00CD0DF7 /* Assets.xcassets */,
				99E44F142A6E5B8E00CD0DF7 /* Preview Content */,
			);
			path = A1;
			sourceTree = "<group>";
		};
		99E44F142A6E5B8E00CD0DF7 /* Preview Content */ = {
			isa = PBXGroup;
			children = (
				99E44F152A6E5B8E00CD0DF7 /* Preview Assets.xcassets */,
			);
			path = "Preview Content";
			sourceTree = "<group>";
		};
		99E44F1E2A6E5B8F00CD0DF7 /* A1Tests */ = {
			isa = PBXGroup;
			children = (
				99E44F1F2A6E5B8F00CD0DF7 /* A1Tests.swift */,
			);
			path = A1Tests;
			sourceTree = "<group>";
		};
		99E44F282A6E5B8F00CD0DF7 /* A1UITests */ = {
			isa = PBXGroup;
			children = (
				99E44F292A6E5B8F00CD0DF7 /* A1UITests.swift */,
				99E44F2B2A6E5B8F00CD0DF7 /* A1UITestsLaunchTests.swift */,
			);
			path = A1UITests;
			sourceTree = "<group>";
		};
		99E44F382A6E6A8C00CD0DF7 /* Views */ = {
			isa = PBXGroup;
			children = (
				645BA0822A738089001CCD46 /* ListViewPage */,
				645BA0832A7380F1001CCD46 /* ItemView */,
				9926E7C42A70254300C3EAEC /* DetailViewPage */,
				9926E7C22A7024E300C3EAEC /* MainPage */,
			);
			path = Views;
			sourceTree = "<group>";
		};
		99E44F392A6E6A9400CD0DF7 /* Models */ = {
			isa = PBXGroup;
			children = (
				99E44F3E2A6E79DC00CD0DF7 /* Restaurant.swift */,
				9906902E2A75790000EBD380 /* RestaurantStore.swift */,
				997B17092A6FE362004BF625 /* Theme.swift */,
				645BA0862A7381C5001CCD46 /* SearchBarViewStyle.swift */,
				990690212A74E1C300EBD380 /* Location.swift */,
				990690262A74F0EE00EBD380 /* ToggleButtonStyle.swift */,
			);
			path = Models;
			sourceTree = "<group>";
		};
/* End PBXGroup section */

/* Begin PBXNativeTarget section */
		99E44F0A2A6E5B8C00CD0DF7 /* A1 */ = {
			isa = PBXNativeTarget;
			buildConfigurationList = 99E44F2F2A6E5B8F00CD0DF7 /* Build configuration list for PBXNativeTarget "A1" */;
			buildPhases = (
				99E44F072A6E5B8C00CD0DF7 /* Sources */,
				99E44F082A6E5B8C00CD0DF7 /* Frameworks */,
				99E44F092A6E5B8C00CD0DF7 /* Resources */,
			);
			buildRules = (
			);
			dependencies = (
			);
			name = A1;
			productName = A1;
			productReference = 99E44F0B2A6E5B8C00CD0DF7 /* A1.app */;
			productType = "com.apple.product-type.application";
		};
		99E44F1A2A6E5B8F00CD0DF7 /* A1Tests */ = {
			isa = PBXNativeTarget;
			buildConfigurationList = 99E44F322A6E5B8F00CD0DF7 /* Build configuration list for PBXNativeTarget "A1Tests" */;
			buildPhases = (
				99E44F172A6E5B8F00CD0DF7 /* Sources */,
				99E44F182A6E5B8F00CD0DF7 /* Frameworks */,
				99E44F192A6E5B8F00CD0DF7 /* Resources */,
			);
			buildRules = (
			);
			dependencies = (
				99E44F1D2A6E5B8F00CD0DF7 /* PBXTargetDependency */,
			);
			name = A1Tests;
			productName = A1Tests;
			productReference = 99E44F1B2A6E5B8F00CD0DF7 /* A1Tests.xctest */;
			productType = "com.apple.product-type.bundle.unit-test";
		};
		99E44F242A6E5B8F00CD0DF7 /* A1UITests */ = {
			isa = PBXNativeTarget;
			buildConfigurationList = 99E44F352A6E5B8F00CD0DF7 /* Build configuration list for PBXNativeTarget "A1UITests" */;
			buildPhases = (
				99E44F212A6E5B8F00CD0DF7 /* Sources */,
				99E44F222A6E5B8F00CD0DF7 /* Frameworks */,
				99E44F232A6E5B8F00CD0DF7 /* Resources */,
			);
			buildRules = (
			);
			dependencies = (
				99E44F272A6E5B8F00CD0DF7 /* PBXTargetDependency */,
			);
			name = A1UITests;
			productName = A1UITests;
			productReference = 99E44F252A6E5B8F00CD0DF7 /* A1UITests.xctest */;
			productType = "com.apple.product-type.bundle.ui-testing";
		};
/* End PBXNativeTarget section */

/* Begin PBXProject section */
		99E44F032A6E5B8C00CD0DF7 /* Project object */ = {
			isa = PBXProject;
			attributes = {
				BuildIndependentTargetsInParallel = 1;
				LastSwiftUpdateCheck = 1430;
				LastUpgradeCheck = 1430;
				TargetAttributes = {
					99E44F0A2A6E5B8C00CD0DF7 = {
						CreatedOnToolsVersion = 14.3.1;
					};
					99E44F1A2A6E5B8F00CD0DF7 = {
						CreatedOnToolsVersion = 14.3.1;
						TestTargetID = 99E44F0A2A6E5B8C00CD0DF7;
					};
					99E44F242A6E5B8F00CD0DF7 = {
						CreatedOnToolsVersion = 14.3.1;
						TestTargetID = 99E44F0A2A6E5B8C00CD0DF7;
					};
				};
			};
			buildConfigurationList = 99E44F062A6E5B8C00CD0DF7 /* Build configuration list for PBXProject "A1" */;
			compatibilityVersion = "Xcode 14.0";
			developmentRegion = en;
			hasScannedForEncodings = 0;
			knownRegions = (
				en,
				Base,
			);
			mainGroup = 99E44F022A6E5B8C00CD0DF7;
			productRefGroup = 99E44F0C2A6E5B8C00CD0DF7 /* Products */;
			projectDirPath = "";
			projectRoot = "";
			targets = (
				99E44F0A2A6E5B8C00CD0DF7 /* A1 */,
				99E44F1A2A6E5B8F00CD0DF7 /* A1Tests */,
				99E44F242A6E5B8F00CD0DF7 /* A1UITests */,
			);
		};
/* End PBXProject section */

/* Begin PBXResourcesBuildPhase section */
		99E44F092A6E5B8C00CD0DF7 /* Resources */ = {
			isa = PBXResourcesBuildPhase;
			buildActionMask = 2147483647;
			files = (
				99E44F162A6E5B8E00CD0DF7 /* Preview Assets.xcassets in Resources */,
				99E44F452A6EE18A00CD0DF7 /* data.json in Resources */,
				99E44F132A6E5B8E00CD0DF7 /* Assets.xcassets in Resources */,
			);
			runOnlyForDeploymentPostprocessing = 0;
		};
		99E44F192A6E5B8F00CD0DF7 /* Resources */ = {
			isa = PBXResourcesBuildPhase;
			buildActionMask = 2147483647;
			files = (
			);
			runOnlyForDeploymentPostprocessing = 0;
		};
		99E44F232A6E5B8F00CD0DF7 /* Resources */ = {
			isa = PBXResourcesBuildPhase;
			buildActionMask = 2147483647;
			files = (
			);
			runOnlyForDeploymentPostprocessing = 0;
		};
/* End PBXResourcesBuildPhase section */

/* Begin PBXSourcesBuildPhase section */
		99E44F072A6E5B8C00CD0DF7 /* Sources */ = {
			isa = PBXSourcesBuildPhase;
			buildActionMask = 2147483647;
			files = (
				995F6E9E2A724AD60039C69A /* ContactInformation.swift in Sources */,
				995F6E9C2A724A410039C69A /* ServiceView.swift in Sources */,
				990690222A74E1C300EBD380 /* Location.swift in Sources */,
				990690272A74F0EE00EBD380 /* ToggleButtonStyle.swift in Sources */,
				990690252A74E8ED00EBD380 /* MapPinView.swift in Sources */,
				99E44F3F2A6E79DC00CD0DF7 /* Restaurant.swift in Sources */,
				9906902F2A75790000EBD380 /* RestaurantStore.swift in Sources */,
				645BA0802A737D13001CCD46 /* ListView.swift in Sources */,
				645BA07E2A737BB6001CCD46 /* FeatureVIew.swift in Sources */,
				9906902D2A75600F00EBD380 /* AuthorInfoView.swift in Sources */,
				995F6EAC2A7407870039C69A /* NavigationItemView.swift in Sources */,
				995F6EA22A72D2F40039C69A /* MappingView.swift in Sources */,
				997B170C2A6FFF31004BF625 /* MainView.swift in Sources */,
				99E44F412A6ED2DF00CD0DF7 /* DetailView.swift in Sources */,
				997B170A2A6FE362004BF625 /* Theme.swift in Sources */,
				99E44F3B2A6E751800CD0DF7 /* ItemView.swift in Sources */,
				645BA0872A7381C5001CCD46 /* SearchBarViewStyle.swift in Sources */,
				99E44F3D2A6E76CF00CD0DF7 /* ItemRowView.swift in Sources */,
				99E44F0F2A6E5B8C00CD0DF7 /* A1App.swift in Sources */,
				995F6EA02A72CF480039C69A /* OpeningHours.swift in Sources */,
				992A70302A777DD400E53A46 /* WelcomePageView.swift in Sources */,
				995F6E9A2A72493D0039C69A /* POVView.swift in Sources */,
				995F6EAE2A74119D0039C69A /* FilterView.swift in Sources */,
				990690292A74FCA400EBD380 /* SwitchButtonView.swift in Sources */,
				995F6EA42A72D3F90039C69A /* ImageSliderView.swift in Sources */,
				9906902B2A75134D00EBD380 /* FrontPageView.swift in Sources */,
			);
			runOnlyForDeploymentPostprocessing = 0;
		};
		99E44F172A6E5B8F00CD0DF7 /* Sources */ = {
			isa = PBXSourcesBuildPhase;
			buildActionMask = 2147483647;
			files = (
				99E44F202A6E5B8F00CD0DF7 /* A1Tests.swift in Sources */,
			);
			runOnlyForDeploymentPostprocessing = 0;
		};
		99E44F212A6E5B8F00CD0DF7 /* Sources */ = {
			isa = PBXSourcesBuildPhase;
			buildActionMask = 2147483647;
			files = (
				99E44F2C2A6E5B8F00CD0DF7 /* A1UITestsLaunchTests.swift in Sources */,
				99E44F2A2A6E5B8F00CD0DF7 /* A1UITests.swift in Sources */,
			);
			runOnlyForDeploymentPostprocessing = 0;
		};
/* End PBXSourcesBuildPhase section */

/* Begin PBXTargetDependency section */
		99E44F1D2A6E5B8F00CD0DF7 /* PBXTargetDependency */ = {
			isa = PBXTargetDependency;
			target = 99E44F0A2A6E5B8C00CD0DF7 /* A1 */;
			targetProxy = 99E44F1C2A6E5B8F00CD0DF7 /* PBXContainerItemProxy */;
		};
		99E44F272A6E5B8F00CD0DF7 /* PBXTargetDependency */ = {
			isa = PBXTargetDependency;
			target = 99E44F0A2A6E5B8C00CD0DF7 /* A1 */;
			targetProxy = 99E44F262A6E5B8F00CD0DF7 /* PBXContainerItemProxy */;
		};
/* End PBXTargetDependency section */

/* Begin XCBuildConfiguration section */
		99E44F2D2A6E5B8F00CD0DF7 /* Debug */ = {
			isa = XCBuildConfiguration;
			buildSettings = {
				ALWAYS_SEARCH_USER_PATHS = NO;
				CLANG_ANALYZER_NONNULL = YES;
				CLANG_ANALYZER_NUMBER_OBJECT_CONVERSION = YES_AGGRESSIVE;
				CLANG_CXX_LANGUAGE_STANDARD = "gnu++20";
				CLANG_ENABLE_MODULES = YES;
				CLANG_ENABLE_OBJC_ARC = YES;
				CLANG_ENABLE_OBJC_WEAK = YES;
				CLANG_WARN_BLOCK_CAPTURE_AUTORELEASING = YES;
				CLANG_WARN_BOOL_CONVERSION = YES;
				CLANG_WARN_COMMA = YES;
				CLANG_WARN_CONSTANT_CONVERSION = YES;
				CLANG_WARN_DEPRECATED_OBJC_IMPLEMENTATIONS = YES;
				CLANG_WARN_DIRECT_OBJC_ISA_USAGE = YES_ERROR;
				CLANG_WARN_DOCUMENTATION_COMMENTS = YES;
				CLANG_WARN_EMPTY_BODY = YES;
				CLANG_WARN_ENUM_CONVERSION = YES;
				CLANG_WARN_INFINITE_RECURSION = YES;
				CLANG_WARN_INT_CONVERSION = YES;
				CLANG_WARN_NON_LITERAL_NULL_CONVERSION = YES;
				CLANG_WARN_OBJC_IMPLICIT_RETAIN_SELF = YES;
				CLANG_WARN_OBJC_LITERAL_CONVERSION = YES;
				CLANG_WARN_OBJC_ROOT_CLASS = YES_ERROR;
				CLANG_WARN_QUOTED_INCLUDE_IN_FRAMEWORK_HEADER = YES;
				CLANG_WARN_RANGE_LOOP_ANALYSIS = YES;
				CLANG_WARN_STRICT_PROTOTYPES = YES;
				CLANG_WARN_SUSPICIOUS_MOVE = YES;
				CLANG_WARN_UNGUARDED_AVAILABILITY = YES_AGGRESSIVE;
				CLANG_WARN_UNREACHABLE_CODE = YES;
				CLANG_WARN__DUPLICATE_METHOD_MATCH = YES;
				COPY_PHASE_STRIP = NO;
				DEBUG_INFORMATION_FORMAT = dwarf;
				ENABLE_STRICT_OBJC_MSGSEND = YES;
				ENABLE_TESTABILITY = YES;
				GCC_C_LANGUAGE_STANDARD = gnu11;
				GCC_DYNAMIC_NO_PIC = NO;
				GCC_NO_COMMON_BLOCKS = YES;
				GCC_OPTIMIZATION_LEVEL = 0;
				GCC_PREPROCESSOR_DEFINITIONS = (
					"DEBUG=1",
					"$(inherited)",
				);
				GCC_WARN_64_TO_32_BIT_CONVERSION = YES;
				GCC_WARN_ABOUT_RETURN_TYPE = YES_ERROR;
				GCC_WARN_UNDECLARED_SELECTOR = YES;
				GCC_WARN_UNINITIALIZED_AUTOS = YES_AGGRESSIVE;
				GCC_WARN_UNUSED_FUNCTION = YES;
				GCC_WARN_UNUSED_VARIABLE = YES;
				IPHONEOS_DEPLOYMENT_TARGET = 16.4;
				MTL_ENABLE_DEBUG_INFO = INCLUDE_SOURCE;
				MTL_FAST_MATH = YES;
				ONLY_ACTIVE_ARCH = YES;
				SDKROOT = iphoneos;
				SWIFT_ACTIVE_COMPILATION_CONDITIONS = DEBUG;
				SWIFT_OPTIMIZATION_LEVEL = "-Onone";
			};
			name = Debug;
		};
		99E44F2E2A6E5B8F00CD0DF7 /* Release */ = {
			isa = XCBuildConfiguration;
			buildSettings = {
				ALWAYS_SEARCH_USER_PATHS = NO;
				CLANG_ANALYZER_NONNULL = YES;
				CLANG_ANALYZER_NUMBER_OBJECT_CONVERSION = YES_AGGRESSIVE;
				CLANG_CXX_LANGUAGE_STANDARD = "gnu++20";
				CLANG_ENABLE_MODULES = YES;
				CLANG_ENABLE_OBJC_ARC = YES;
				CLANG_ENABLE_OBJC_WEAK = YES;
				CLANG_WARN_BLOCK_CAPTURE_AUTORELEASING = YES;
				CLANG_WARN_BOOL_CONVERSION = YES;
				CLANG_WARN_COMMA = YES;
				CLANG_WARN_CONSTANT_CONVERSION = YES;
				CLANG_WARN_DEPRECATED_OBJC_IMPLEMENTATIONS = YES;
				CLANG_WARN_DIRECT_OBJC_ISA_USAGE = YES_ERROR;
				CLANG_WARN_DOCUMENTATION_COMMENTS = YES;
				CLANG_WARN_EMPTY_BODY = YES;
				CLANG_WARN_ENUM_CONVERSION = YES;
				CLANG_WARN_INFINITE_RECURSION = YES;
				CLANG_WARN_INT_CONVERSION = YES;
				CLANG_WARN_NON_LITERAL_NULL_CONVERSION = YES;
				CLANG_WARN_OBJC_IMPLICIT_RETAIN_SELF = YES;
				CLANG_WARN_OBJC_LITERAL_CONVERSION = YES;
				CLANG_WARN_OBJC_ROOT_CLASS = YES_ERROR;
				CLANG_WARN_QUOTED_INCLUDE_IN_FRAMEWORK_HEADER = YES;
				CLANG_WARN_RANGE_LOOP_ANALYSIS = YES;
				CLANG_WARN_STRICT_PROTOTYPES = YES;
				CLANG_WARN_SUSPICIOUS_MOVE = YES;
				CLANG_WARN_UNGUARDED_AVAILABILITY = YES_AGGRESSIVE;
				CLANG_WARN_UNREACHABLE_CODE = YES;
				CLANG_WARN__DUPLICATE_METHOD_MATCH = YES;
				COPY_PHASE_STRIP = NO;
				DEBUG_INFORMATION_FORMAT = "dwarf-with-dsym";
				ENABLE_NS_ASSERTIONS = NO;
				ENABLE_STRICT_OBJC_MSGSEND = YES;
				GCC_C_LANGUAGE_STANDARD = gnu11;
				GCC_NO_COMMON_BLOCKS = YES;
				GCC_WARN_64_TO_32_BIT_CONVERSION = YES;
				GCC_WARN_ABOUT_RETURN_TYPE = YES_ERROR;
				GCC_WARN_UNDECLARED_SELECTOR = YES;
				GCC_WARN_UNINITIALIZED_AUTOS = YES_AGGRESSIVE;
				GCC_WARN_UNUSED_FUNCTION = YES;
				GCC_WARN_UNUSED_VARIABLE = YES;
				IPHONEOS_DEPLOYMENT_TARGET = 16.4;
				MTL_ENABLE_DEBUG_INFO = NO;
				MTL_FAST_MATH = YES;
				SDKROOT = iphoneos;
				SWIFT_COMPILATION_MODE = wholemodule;
				SWIFT_OPTIMIZATION_LEVEL = "-O";
				VALIDATE_PRODUCT = YES;
			};
			name = Release;
		};
		99E44F302A6E5B8F00CD0DF7 /* Debug */ = {
			isa = XCBuildConfiguration;
			buildSettings = {
				ASSETCATALOG_COMPILER_APPICON_NAME = AppIcon;
				ASSETCATALOG_COMPILER_GLOBAL_ACCENT_COLOR_NAME = AccentColor;
				CODE_SIGN_STYLE = Automatic;
				CURRENT_PROJECT_VERSION = 1;
				DEVELOPMENT_ASSET_PATHS = "\"A1/Preview Content\"";
				DEVELOPMENT_TEAM = G2W449CRXA;
				ENABLE_PREVIEWS = YES;
				GENERATE_INFOPLIST_FILE = YES;
				INFOPLIST_KEY_CFBundleDisplayName = "Michelin Guide";
				INFOPLIST_KEY_UIApplicationSceneManifest_Generation = YES;
				INFOPLIST_KEY_UIApplicationSupportsIndirectInputEvents = YES;
				INFOPLIST_KEY_UILaunchScreen_Generation = YES;
				INFOPLIST_KEY_UISupportedInterfaceOrientations_iPad = "UIInterfaceOrientationPortrait UIInterfaceOrientationPortraitUpsideDown UIInterfaceOrientationLandscapeLeft UIInterfaceOrientationLandscapeRight";
				INFOPLIST_KEY_UISupportedInterfaceOrientations_iPhone = "UIInterfaceOrientationPortrait UIInterfaceOrientationLandscapeLeft UIInterfaceOrientationLandscapeRight";
				IPHONEOS_DEPLOYMENT_TARGET = 16.4;
				LD_RUNPATH_SEARCH_PATHS = (
					"$(inherited)",
					"@executable_path/Frameworks",
				);
				MARKETING_VERSION = 1.0;
				PRODUCT_BUNDLE_IDENTIFIER = vn.edu.rmit.A1;
				PRODUCT_NAME = "$(TARGET_NAME)";
				SWIFT_EMIT_LOC_STRINGS = YES;
				SWIFT_VERSION = 5.0;
				TARGETED_DEVICE_FAMILY = "1,2";
			};
			name = Debug;
		};
		99E44F312A6E5B8F00CD0DF7 /* Release */ = {
			isa = XCBuildConfiguration;
			buildSettings = {
				ASSETCATALOG_COMPILER_APPICON_NAME = AppIcon;
				ASSETCATALOG_COMPILER_GLOBAL_ACCENT_COLOR_NAME = AccentColor;
				CODE_SIGN_STYLE = Automatic;
				CURRENT_PROJECT_VERSION = 1;
				DEVELOPMENT_ASSET_PATHS = "\"A1/Preview Content\"";
				DEVELOPMENT_TEAM = G2W449CRXA;
				ENABLE_PREVIEWS = YES;
				GENERATE_INFOPLIST_FILE = YES;
				INFOPLIST_KEY_CFBundleDisplayName = "Michelin Guide";
				INFOPLIST_KEY_UIApplicationSceneManifest_Generation = YES;
				INFOPLIST_KEY_UIApplicationSupportsIndirectInputEvents = YES;
				INFOPLIST_KEY_UILaunchScreen_Generation = YES;
				INFOPLIST_KEY_UISupportedInterfaceOrientations_iPad = "UIInterfaceOrientationPortrait UIInterfaceOrientationPortraitUpsideDown UIInterfaceOrientationLandscapeLeft UIInterfaceOrientationLandscapeRight";
				INFOPLIST_KEY_UISupportedInterfaceOrientations_iPhone = "UIInterfaceOrientationPortrait UIInterfaceOrientationLandscapeLeft UIInterfaceOrientationLandscapeRight";
				IPHONEOS_DEPLOYMENT_TARGET = 16.4;
				LD_RUNPATH_SEARCH_PATHS = (
					"$(inherited)",
					"@executable_path/Frameworks",
				);
				MARKETING_VERSION = 1.0;
				PRODUCT_BUNDLE_IDENTIFIER = vn.edu.rmit.A1;
				PRODUCT_NAME = "$(TARGET_NAME)";
				SWIFT_EMIT_LOC_STRINGS = YES;
				SWIFT_VERSION = 5.0;
				TARGETED_DEVICE_FAMILY = "1,2";
			};
			name = Release;
		};
		99E44F332A6E5B8F00CD0DF7 /* Debug */ = {
			isa = XCBuildConfiguration;
			buildSettings = {
				ALWAYS_EMBED_SWIFT_STANDARD_LIBRARIES = YES;
				BUNDLE_LOADER = "$(TEST_HOST)";
				CODE_SIGN_STYLE = Automatic;
				CURRENT_PROJECT_VERSION = 1;
				GENERATE_INFOPLIST_FILE = YES;
				IPHONEOS_DEPLOYMENT_TARGET = 16.4;
				MARKETING_VERSION = 1.0;
				PRODUCT_BUNDLE_IDENTIFIER = vn.edu.rmit.A1Tests;
				PRODUCT_NAME = "$(TARGET_NAME)";
				SWIFT_EMIT_LOC_STRINGS = NO;
				SWIFT_VERSION = 5.0;
				TARGETED_DEVICE_FAMILY = "1,2";
				TEST_HOST = "$(BUILT_PRODUCTS_DIR)/A1.app/$(BUNDLE_EXECUTABLE_FOLDER_PATH)/A1";
			};
			name = Debug;
		};
		99E44F342A6E5B8F00CD0DF7 /* Release */ = {
			isa = XCBuildConfiguration;
			buildSettings = {
				ALWAYS_EMBED_SWIFT_STANDARD_LIBRARIES = YES;
				BUNDLE_LOADER = "$(TEST_HOST)";
				CODE_SIGN_STYLE = Automatic;
				CURRENT_PROJECT_VERSION = 1;
				GENERATE_INFOPLIST_FILE = YES;
				IPHONEOS_DEPLOYMENT_TARGET = 16.4;
				MARKETING_VERSION = 1.0;
				PRODUCT_BUNDLE_IDENTIFIER = vn.edu.rmit.A1Tests;
				PRODUCT_NAME = "$(TARGET_NAME)";
				SWIFT_EMIT_LOC_STRINGS = NO;
				SWIFT_VERSION = 5.0;
				TARGETED_DEVICE_FAMILY = "1,2";
				TEST_HOST = "$(BUILT_PRODUCTS_DIR)/A1.app/$(BUNDLE_EXECUTABLE_FOLDER_PATH)/A1";
			};
			name = Release;
		};
		99E44F362A6E5B8F00CD0DF7 /* Debug */ = {
			isa = XCBuildConfiguration;
			buildSettings = {
				ALWAYS_EMBED_SWIFT_STANDARD_LIBRARIES = YES;
				CODE_SIGN_STYLE = Automatic;
				CURRENT_PROJECT_VERSION = 1;
				GENERATE_INFOPLIST_FILE = YES;
				MARKETING_VERSION = 1.0;
				PRODUCT_BUNDLE_IDENTIFIER = vn.edu.rmit.A1UITests;
				PRODUCT_NAME = "$(TARGET_NAME)";
				SWIFT_EMIT_LOC_STRINGS = NO;
				SWIFT_VERSION = 5.0;
				TARGETED_DEVICE_FAMILY = "1,2";
				TEST_TARGET_NAME = A1;
			};
			name = Debug;
		};
		99E44F372A6E5B8F00CD0DF7 /* Release */ = {
			isa = XCBuildConfiguration;
			buildSettings = {
				ALWAYS_EMBED_SWIFT_STANDARD_LIBRARIES = YES;
				CODE_SIGN_STYLE = Automatic;
				CURRENT_PROJECT_VERSION = 1;
				GENERATE_INFOPLIST_FILE = YES;
				MARKETING_VERSION = 1.0;
				PRODUCT_BUNDLE_IDENTIFIER = vn.edu.rmit.A1UITests;
				PRODUCT_NAME = "$(TARGET_NAME)";
				SWIFT_EMIT_LOC_STRINGS = NO;
				SWIFT_VERSION = 5.0;
				TARGETED_DEVICE_FAMILY = "1,2";
				TEST_TARGET_NAME = A1;
			};
			name = Release;
		};
/* End XCBuildConfiguration section */

/* Begin XCConfigurationList section */
		99E44F062A6E5B8C00CD0DF7 /* Build configuration list for PBXProject "A1" */ = {
			isa = XCConfigurationList;
			buildConfigurations = (
				99E44F2D2A6E5B8F00CD0DF7 /* Debug */,
				99E44F2E2A6E5B8F00CD0DF7 /* Release */,
			);
			defaultConfigurationIsVisible = 0;
			defaultConfigurationName = Release;
		};
		99E44F2F2A6E5B8F00CD0DF7 /* Build configuration list for PBXNativeTarget "A1" */ = {
			isa = XCConfigurationList;
			buildConfigurations = (
				99E44F302A6E5B8F00CD0DF7 /* Debug */,
				99E44F312A6E5B8F00CD0DF7 /* Release */,
			);
			defaultConfigurationIsVisible = 0;
			defaultConfigurationName = Release;
		};
		99E44F322A6E5B8F00CD0DF7 /* Build configuration list for PBXNativeTarget "A1Tests" */ = {
			isa = XCConfigurationList;
			buildConfigurations = (
				99E44F332A6E5B8F00CD0DF7 /* Debug */,
				99E44F342A6E5B8F00CD0DF7 /* Release */,
			);
			defaultConfigurationIsVisible = 0;
			defaultConfigurationName = Release;
		};
		99E44F352A6E5B8F00CD0DF7 /* Build configuration list for PBXNativeTarget "A1UITests" */ = {
			isa = XCConfigurationList;
			buildConfigurations = (
				99E44F362A6E5B8F00CD0DF7 /* Debug */,
				99E44F372A6E5B8F00CD0DF7 /* Release */,
			);
			defaultConfigurationIsVisible = 0;
			defaultConfigurationName = Release;
		};
/* End XCConfigurationList section */
	};
	rootObject = 99E44F032A6E5B8C00CD0DF7 /* Project object */;
}
